
Microsoft Visual Studio Solution File, Format Version 12.00
# Visual Studio Version 17
VisualStudioVersion = 17.10.35122.118
MinimumVisualStudioVersion = 10.0.40219.1
Project("{00D1A9C2-B5F0-4AF3-8072-F6C62B433612}") = "Q3.DatabaseTest", "Q3.DatabaseTest.sqlproj", "{B9B597EA-EE4A-42D4-B23A-5A386C15CBA2}"
EndProject
Global
	GlobalSection(SolutionConfigurationPlatforms) = preSolution
		Debug|Any CPU = Debug|Any CPU
		Release|Any CPU = Release|Any CPU
	EndGlobalSection
	GlobalSection(ProjectConfigurationPlatforms) = postSolution
		{B9B597EA-EE4A-42D4-B23A-5A386C15CBA2}.Debug|Any CPU.ActiveCfg = Debug|Any CPU
		{B9B597EA-EE4A-42D4-B23A-5A386C15CBA2}.Debug|Any CPU.Build.0 = Debug|Any CPU
		{B9B597EA-EE4A-42D4-B23A-5A386C15CBA2}.Debug|Any CPU.Deploy.0 = Debug|Any CPU
		{B9B597EA-EE4A-42D4-B23A-5A386C15CBA2}.Release|Any CPU.ActiveCfg = Release|Any CPU
		{B9B597EA-EE4A-42D4-B23A-5A386C15CBA2}.Release|Any CPU.Build.0 = Release|Any CPU
		{B9B597EA-EE4A-42D4-B23A-5A386C15CBA2}.Release|Any CPU.Deploy.0 = Release|Any CPU
	EndGlobalSection
	GlobalSection(SolutionProperties) = preSolution
		HideSolutionNode = FALSE
	EndGlobalSection
	GlobalSection(ExtensibilityGlobals) = postSolution
		SolutionGuid = {B40330C1-F636-4B98-B9F9-6A76184368F9}
	EndGlobalSection
EndGlobal
